
Microsoft Visual Studio Solution File, Format Version 12.00
Project("{FAE04EC0-301F-11D3-BF4B-00C04F79EFBC}") = "ConsoleAppCheckersGame", "ConsoleAppCheckersGame\ConsoleAppCheckersGame.csproj", "{DDD98FD3-387D-4F60-8C79-C197A48289B3}"
EndProject
Project("{FAE04EC0-301F-11D3-BF4B-00C04F79EFBC}") = "MenuSystem", "MenuSystem\MenuSystem.csproj", "{8BEBB173-1CF8-47CE-977C-CB8C1C369798}"
EndProject
Project("{FAE04EC0-301F-11D3-BF4B-00C04F79EFBC}") = "GameBrain", "GameBrain\GameBrain.csproj", "{A8D14166-2192-42AE-8B8F-28F51E91F312}"
EndProject
Project("{FAE04EC0-301F-11D3-BF4B-00C04F79EFBC}") = "ConsoleUI", "ConsoleUI\ConsoleUI.csproj", "{07974FAA-B661-4288-938E-5A1C303D86F7}"
EndProject
Project("{FAE04EC0-301F-11D3-BF4B-00C04F79EFBC}") = "ProjectDomain", "ProjectDomain\ProjectDomain.csproj", "{608A91CC-4D14-41B7-98A1-E5503C55548E}"
EndProject
Project("{FAE04EC0-301F-11D3-BF4B-00C04F79EFBC}") = "DAL", "DAL\DAL.csproj", "{2E84011B-859D-4758-B0A6-31C98E634E59}"
EndProject
Project("{FAE04EC0-301F-11D3-BF4B-00C04F79EFBC}") = "DAL.DB", "DAL.DB\DAL.DB.csproj", "{147F1F73-E288-46B2-8D01-BD077D19E63E}"
EndProject
Project("{FAE04EC0-301F-11D3-BF4B-00C04F79EFBC}") = "DAL.FileSystem", "DAL.FileSystem\DAL.FileSystem.csproj", "{0432B841-7DD3-4C6E-895F-8CEF1086310F}"
EndProject
Project("{FAE04EC0-301F-11D3-BF4B-00C04F79EFBC}") = "WebApp", "WebApp\WebApp.csproj", "{D9BD9DC4-6939-4ABA-89E8-38C4B0FDE5FF}"
EndProject
Global
	GlobalSection(SolutionConfigurationPlatforms) = preSolution
		Debug|Any CPU = Debug|Any CPU
		Release|Any CPU = Release|Any CPU
	EndGlobalSection
	GlobalSection(ProjectConfigurationPlatforms) = postSolution
		{DDD98FD3-387D-4F60-8C79-C197A48289B3}.Debug|Any CPU.ActiveCfg = Debug|Any CPU
		{DDD98FD3-387D-4F60-8C79-C197A48289B3}.Debug|Any CPU.Build.0 = Debug|Any CPU
		{DDD98FD3-387D-4F60-8C79-C197A48289B3}.Release|Any CPU.ActiveCfg = Release|Any CPU
		{DDD98FD3-387D-4F60-8C79-C197A48289B3}.Release|Any CPU.Build.0 = Release|Any CPU
		{8BEBB173-1CF8-47CE-977C-CB8C1C369798}.Debug|Any CPU.ActiveCfg = Debug|Any CPU
		{8BEBB173-1CF8-47CE-977C-CB8C1C369798}.Debug|Any CPU.Build.0 = Debug|Any CPU
		{8BEBB173-1CF8-47CE-977C-CB8C1C369798}.Release|Any CPU.ActiveCfg = Release|Any CPU
		{8BEBB173-1CF8-47CE-977C-CB8C1C369798}.Release|Any CPU.Build.0 = Release|Any CPU
		{A8D14166-2192-42AE-8B8F-28F51E91F312}.Debug|Any CPU.ActiveCfg = Debug|Any CPU
		{A8D14166-2192-42AE-8B8F-28F51E91F312}.Debug|Any CPU.Build.0 = Debug|Any CPU
		{A8D14166-2192-42AE-8B8F-28F51E91F312}.Release|Any CPU.ActiveCfg = Release|Any CPU
		{A8D14166-2192-42AE-8B8F-28F51E91F312}.Release|Any CPU.Build.0 = Release|Any CPU
		{07974FAA-B661-4288-938E-5A1C303D86F7}.Debug|Any CPU.ActiveCfg = Debug|Any CPU
		{07974FAA-B661-4288-938E-5A1C303D86F7}.Debug|Any CPU.Build.0 = Debug|Any CPU
		{07974FAA-B661-4288-938E-5A1C303D86F7}.Release|Any CPU.ActiveCfg = Release|Any CPU
		{07974FAA-B661-4288-938E-5A1C303D86F7}.Release|Any CPU.Build.0 = Release|Any CPU
		{608A91CC-4D14-41B7-98A1-E5503C55548E}.Debug|Any CPU.ActiveCfg = Debug|Any CPU
		{608A91CC-4D14-41B7-98A1-E5503C55548E}.Debug|Any CPU.Build.0 = Debug|Any CPU
		{608A91CC-4D14-41B7-98A1-E5503C55548E}.Release|Any CPU.ActiveCfg = Release|Any CPU
		{608A91CC-4D14-41B7-98A1-E5503C55548E}.Release|Any CPU.Build.0 = Release|Any CPU
		{2E84011B-859D-4758-B0A6-31C98E634E59}.Debug|Any CPU.ActiveCfg = Debug|Any CPU
		{2E84011B-859D-4758-B0A6-31C98E634E59}.Debug|Any CPU.Build.0 = Debug|Any CPU
		{2E84011B-859D-4758-B0A6-31C98E634E59}.Release|Any CPU.ActiveCfg = Release|Any CPU
		{2E84011B-859D-4758-B0A6-31C98E634E59}.Release|Any CPU.Build.0 = Release|Any CPU
		{147F1F73-E288-46B2-8D01-BD077D19E63E}.Debug|Any CPU.ActiveCfg = Debug|Any CPU
		{147F1F73-E288-46B2-8D01-BD077D19E63E}.Debug|Any CPU.Build.0 = Debug|Any CPU
		{147F1F73-E288-46B2-8D01-BD077D19E63E}.Release|Any CPU.ActiveCfg = Release|Any CPU
		{147F1F73-E288-46B2-8D01-BD077D19E63E}.Release|Any CPU.Build.0 = Release|Any CPU
		{0432B841-7DD3-4C6E-895F-8CEF1086310F}.Debug|Any CPU.ActiveCfg = Debug|Any CPU
		{0432B841-7DD3-4C6E-895F-8CEF1086310F}.Debug|Any CPU.Build.0 = Debug|Any CPU
		{0432B841-7DD3-4C6E-895F-8CEF1086310F}.Release|Any CPU.ActiveCfg = Release|Any CPU
		{0432B841-7DD3-4C6E-895F-8CEF1086310F}.Release|Any CPU.Build.0 = Release|Any CPU
		{D9BD9DC4-6939-4ABA-89E8-38C4B0FDE5FF}.Debug|Any CPU.ActiveCfg = Debug|Any CPU
		{D9BD9DC4-6939-4ABA-89E8-38C4B0FDE5FF}.Debug|Any CPU.Build.0 = Debug|Any CPU
		{D9BD9DC4-6939-4ABA-89E8-38C4B0FDE5FF}.Release|Any CPU.ActiveCfg = Release|Any CPU
		{D9BD9DC4-6939-4ABA-89E8-38C4B0FDE5FF}.Release|Any CPU.Build.0 = Release|Any CPU
	EndGlobalSection
EndGlobal
